// !$*UTF8*$!
{
	archiveVersion = 1;
	classes = {
	};
	objectVersion = 55;
	objects = {

/* Begin PBXBuildFile section */
		7F493CC329358EBF00FAB9ED /* datepassappApp.swift in Sources */ = {isa = PBXBuildFile; fileRef = 7F493CC229358EBF00FAB9ED /* datepassappApp.swift */; };
		7F493CC529358EBF00FAB9ED /* ContentView.swift in Sources */ = {isa = PBXBuildFile; fileRef = 7F493CC429358EBF00FAB9ED /* ContentView.swift */; };
		7F493CC729358EC900FAB9ED /* Assets.xcassets in Resources */ = {isa = PBXBuildFile; fileRef = 7F493CC629358EC900FAB9ED /* Assets.xcassets */; };
		7F493CCA29358EC900FAB9ED /* Preview Assets.xcassets in Resources */ = {isa = PBXBuildFile; fileRef = 7F493CC929358EC900FAB9ED /* Preview Assets.xcassets */; };
		7F4C85C4298CB0E300E7DB10 /* MyProjectCard.swift in Sources */ = {isa = PBXBuildFile; fileRef = 7F4C85C3298CB0E300E7DB10 /* MyProjectCard.swift */; };
		7F4C85C6298CB2DB00E7DB10 /* MyCard.swift in Sources */ = {isa = PBXBuildFile; fileRef = 7F4C85C5298CB2DB00E7DB10 /* MyCard.swift */; };
		7F85B002299C78E4006CF2DA /* AddTopView.swift in Sources */ = {isa = PBXBuildFile; fileRef = 7F85B001299C78E3006CF2DA /* AddTopView.swift */; };
		7F85B024299E1504006CF2DA /* WebView.swift in Sources */ = {isa = PBXBuildFile; fileRef = 7F85B023299E1503006CF2DA /* WebView.swift */; };
		7F85B044299F5389006CF2DA /* ImagePicker.swift in Sources */ = {isa = PBXBuildFile; fileRef = 7F85B043299F5389006CF2DA /* ImagePicker.swift */; };
		7F85B046299F53B1006CF2DA /* Stylesheet.swift in Sources */ = {isa = PBXBuildFile; fileRef = 7F85B045299F53B1006CF2DA /* Stylesheet.swift */; };
/* End PBXBuildFile section */

/* Begin PBXFileReference section */
		7F493CBF29358EBF00FAB9ED /* datepassapp.app */ = {isa = PBXFileReference; explicitFileType = wrapper.application; includeInIndex = 0; path = datepassapp.app; sourceTree = BUILT_PRODUCTS_DIR; };
		7F493CC229358EBF00FAB9ED /* datepassappApp.swift */ = {isa = PBXFileReference; lastKnownFileType = sourcecode.swift; path = datepassappApp.swift; sourceTree = "<group>"; };
		7F493CC429358EBF00FAB9ED /* ContentView.swift */ = {isa = PBXFileReference; lastKnownFileType = sourcecode.swift; path = ContentView.swift; sourceTree = "<group>"; };
		7F493CC629358EC900FAB9ED /* Assets.xcassets */ = {isa = PBXFileReference; lastKnownFileType = folder.assetcatalog; path = Assets.xcassets; sourceTree = "<group>"; };
		7F493CC929358EC900FAB9ED /* Preview Assets.xcassets */ = {isa = PBXFileReference; lastKnownFileType = folder.assetcatalog; path = "Preview Assets.xcassets"; sourceTree = "<group>"; };
		7F4C85C3298CB0E300E7DB10 /* MyProjectCard.swift */ = {isa = PBXFileReference; lastKnownFileType = sourcecode.swift; path = MyProjectCard.swift; sourceTree = "<group>"; };
		7F4C85C5298CB2DB00E7DB10 /* MyCard.swift */ = {isa = PBXFileReference; lastKnownFileType = sourcecode.swift; path = MyCard.swift; sourceTree = "<group>"; };
		7F85B001299C78E3006CF2DA /* AddTopView.swift */ = {isa = PBXFileReference; lastKnownFileType = sourcecode.swift; path = AddTopView.swift; sourceTree = "<group>"; };
		7F85B023299E1503006CF2DA /* WebView.swift */ = {isa = PBXFileReference; lastKnownFileType = sourcecode.swift; path = WebView.swift; sourceTree = "<group>"; };
		7F85B043299F5389006CF2DA /* ImagePicker.swift */ = {isa = PBXFileReference; lastKnownFileType = sourcecode.swift; path = ImagePicker.swift; sourceTree = "<group>"; };
		7F85B045299F53B1006CF2DA /* Stylesheet.swift */ = {isa = PBXFileReference; lastKnownFileType = sourcecode.swift; path = Stylesheet.swift; sourceTree = "<group>"; };
/* End PBXFileReference section */

/* Begin PBXFrameworksBuildPhase section */
		7F493CBC29358EBF00FAB9ED /* Frameworks */ = {
			isa = PBXFrameworksBuildPhase;
			buildActionMask = 2147483647;
			files = (
			);
			runOnlyForDeploymentPostprocessing = 0;
		};
/* End PBXFrameworksBuildPhase section */

/* Begin PBXGroup section */
		7F493CB629358EBF00FAB9ED = {
			isa = PBXGroup;
			children = (
				7F493CC129358EBF00FAB9ED /* datepassapp */,
				7F493CC029358EBF00FAB9ED /* Products */,
			);
			sourceTree = "<group>";
		};
		7F493CC029358EBF00FAB9ED /* Products */ = {
			isa = PBXGroup;
			children = (
				7F493CBF29358EBF00FAB9ED /* datepassapp.app */,
			);
			name = Products;
			sourceTree = "<group>";
		};
		7F493CC129358EBF00FAB9ED /* datepassapp */ = {
			isa = PBXGroup;
			children = (
				7F493CC229358EBF00FAB9ED /* datepassappApp.swift */,
				7F493CC429358EBF00FAB9ED /* ContentView.swift */,
				7F85B001299C78E3006CF2DA /* AddTopView.swift */,
				7F4C85C5298CB2DB00E7DB10 /* MyCard.swift */,
				7F4C85C3298CB0E300E7DB10 /* MyProjectCard.swift */,
				7F85B043299F5389006CF2DA /* ImagePicker.swift */,
				7F85B045299F53B1006CF2DA /* Stylesheet.swift */,
				7F85B023299E1503006CF2DA /* WebView.swift */,
				7F493CC629358EC900FAB9ED /* Assets.xcassets */,
				7F493CC829358EC900FAB9ED /* Preview Content */,
			);
			path = datepassapp;
			sourceTree = "<group>";
		};
		7F493CC829358EC900FAB9ED /* Preview Content */ = {
			isa = PBXGroup;
			children = (
				7F493CC929358EC900FAB9ED /* Preview Assets.xcassets */,
			);
			path = "Preview Content";
			sourceTree = "<group>";
		};
/* End PBXGroup section */

/* Begin PBXNativeTarget section */
		7F493CBE29358EBF00FAB9ED /* datepassapp */ = {
			isa = PBXNativeTarget;
			buildConfigurationList = 7F493CCD29358EC900FAB9ED /* Build configuration list for PBXNativeTarget "datepassapp" */;
			buildPhases = (
				7F493CBB29358EBF00FAB9ED /* Sources */,
				7F493CBC29358EBF00FAB9ED /* Frameworks */,
				7F493CBD29358EBF00FAB9ED /* Resources */,
			);
			buildRules = (
			);
			dependencies = (
			);
			name = datepassapp;
			productName = datepassapp;
			productReference = 7F493CBF29358EBF00FAB9ED /* datepassapp.app */;
			productType = "com.apple.product-type.application";
		};
/* End PBXNativeTarget section */

/* Begin PBXProject section */
		7F493CB729358EBF00FAB9ED /* Project object */ = {
			isa = PBXProject;
			attributes = {
				BuildIndependentTargetsInParallel = 1;
				LastSwiftUpdateCheck = 1300;
				LastUpgradeCheck = 1300;
				TargetAttributes = {
					7F493CBE29358EBF00FAB9ED = {
						CreatedOnToolsVersion = 13.0;
					};
				};
			};
			buildConfigurationList = 7F493CBA29358EBF00FAB9ED /* Build configuration list for PBXProject "datepassapp" */;
			compatibilityVersion = "Xcode 13.0";
			developmentRegion = en;
			hasScannedForEncodings = 0;
			knownRegions = (
				en,
				Base,
			);
			mainGroup = 7F493CB629358EBF00FAB9ED;
			productRefGroup = 7F493CC029358EBF00FAB9ED /* Products */;
			projectDirPath = "";
			projectRoot = "";
			targets = (
				7F493CBE29358EBF00FAB9ED /* datepassapp */,
			);
		};
/* End PBXProject section */

/* Begin PBXResourcesBuildPhase section */
		7F493CBD29358EBF00FAB9ED /* Resources */ = {
			isa = PBXResourcesBuildPhase;
			buildActionMask = 2147483647;
			files = (
				7F493CCA29358EC900FAB9ED /* Preview Assets.xcassets in Resources */,
				7F493CC729358EC900FAB9ED /* Assets.xcassets in Resources */,
			);
			runOnlyForDeploymentPostprocessing = 0;
		};
/* End PBXResourcesBuildPhase section */

/* Begin PBXSourcesBuildPhase section */
		7F493CBB29358EBF00FAB9ED /* Sources */ = {
			isa = PBXSourcesBuildPhase;
			buildActionMask = 2147483647;
			files = (
				7F85B002299C78E4006CF2DA /* AddTopView.swift in Sources */,
				7F493CC529358EBF00FAB9ED /* ContentView.swift in Sources */,
				7F493CC329358EBF00FAB9ED /* datepassappApp.swift in Sources */,
				7F85B044299F5389006CF2DA /* ImagePicker.swift in Sources */,
				7F85B024299E1504006CF2DA /* WebView.swift in Sources */,
				7F85B046299F53B1006CF2DA /* Stylesheet.swift in Sources */,
				7F4C85C4298CB0E300E7DB10 /* MyProjectCard.swift in Sources */,
				7F4C85C6298CB2DB00E7DB10 /* MyCard.swift in Sources */,
			);
			runOnlyForDeploymentPostprocessing = 0;
		};
/* End PBXSourcesBuildPhase section */

/* Begin XCBuildConfiguration section */
		7F493CCB29358EC900FAB9ED /* Debug */ = {
			isa = XCBuildConfiguration;
			buildSettings = {
				ALWAYS_SEARCH_USER_PATHS = NO;
				CLANG_ANALYZER_NONNULL = YES;
				CLANG_ANALYZER_NUMBER_OBJECT_CONVERSION = YES_AGGRESSIVE;
				CLANG_CXX_LANGUAGE_STANDARD = "gnu++17";
				CLANG_CXX_LIBRARY = "libc++";
				CLANG_ENABLE_MODULES = YES;
				CLANG_ENABLE_OBJC_ARC = YES;
				CLANG_ENABLE_OBJC_WEAK = YES;
				CLANG_WARN_BLOCK_CAPTURE_AUTORELEASING = YES;
				CLANG_WARN_BOOL_CONVERSION = YES;
				CLANG_WARN_COMMA = YES;
				CLANG_WARN_CONSTANT_CONVERSION = YES;
				CLANG_WARN_DEPRECATED_OBJC_IMPLEMENTATIONS = YES;
				CLANG_WARN_DIRECT_OBJC_ISA_USAGE = YES_ERROR;
				CLANG_WARN_DOCUMENTATION_COMMENTS = YES;
				CLANG_WARN_EMPTY_BODY = YES;
				CLANG_WARN_ENUM_CONVERSION = YES;
				CLANG_WARN_INFINITE_RECURSION = YES;
				CLANG_WARN_INT_CONVERSION = YES;
				CLANG_WARN_NON_LITERAL_NULL_CONVERSION = YES;
				CLANG_WARN_OBJC_IMPLICIT_RETAIN_SELF = YES;
				CLANG_WARN_OBJC_LITERAL_CONVERSION = YES;
				CLANG_WARN_OBJC_ROOT_CLASS = YES_ERROR;
				CLANG_WARN_QUOTED_INCLUDE_IN_FRAMEWORK_HEADER = YES;
				CLANG_WARN_RANGE_LOOP_ANALYSIS = YES;
				CLANG_WARN_STRICT_PROTOTYPES = YES;
				CLANG_WARN_SUSPICIOUS_MOVE = YES;
				CLANG_WARN_UNGUARDED_AVAILABILITY = YES_AGGRESSIVE;
				CLANG_WARN_UNREACHABLE_CODE = YES;
				CLANG_WARN__DUPLICATE_METHOD_MATCH = YES;
				COPY_PHASE_STRIP = NO;
				DEBUG_INFORMATION_FORMAT = dwarf;
				ENABLE_STRICT_OBJC_MSGSEND = YES;
				ENABLE_TESTABILITY = YES;
				GCC_C_LANGUAGE_STANDARD = gnu11;
				GCC_DYNAMIC_NO_PIC = NO;
				GCC_NO_COMMON_BLOCKS = YES;
				GCC_OPTIMIZATION_LEVEL = 0;
				GCC_PREPROCESSOR_DEFINITIONS = (
					"DEBUG=1",
					"$(inherited)",
				);
				GCC_WARN_64_TO_32_BIT_CONVERSION = YES;
				GCC_WARN_ABOUT_RETURN_TYPE = YES_ERROR;
				GCC_WARN_UNDECLARED_SELECTOR = YES;
				GCC_WARN_UNINITIALIZED_AUTOS = YES_AGGRESSIVE;
				GCC_WARN_UNUSED_FUNCTION = YES;
				GCC_WARN_UNUSED_VARIABLE = YES;
				IPHONEOS_DEPLOYMENT_TARGET = 15.0;
				MTL_ENABLE_DEBUG_INFO = INCLUDE_SOURCE;
				MTL_FAST_MATH = YES;
				ONLY_ACTIVE_ARCH = YES;
				SDKROOT = iphoneos;
				SWIFT_ACTIVE_COMPILATION_CONDITIONS = DEBUG;
				SWIFT_OPTIMIZATION_LEVEL = "-Onone";
			};
			name = Debug;
		};
		7F493CCC29358EC900FAB9ED /* Release */ = {
			isa = XCBuildConfiguration;
			buildSettings = {
				ALWAYS_SEARCH_USER_PATHS = NO;
				CLANG_ANALYZER_NONNULL = YES;
				CLANG_ANALYZER_NUMBER_OBJECT_CONVERSION = YES_AGGRESSIVE;
				CLANG_CXX_LANGUAGE_STANDARD = "gnu++17";
				CLANG_CXX_LIBRARY = "libc++";
				CLANG_ENABLE_MODULES = YES;
				CLANG_ENABLE_OBJC_ARC = YES;
				CLANG_ENABLE_OBJC_WEAK = YES;
				CLANG_WARN_BLOCK_CAPTURE_AUTORELEASING = YES;
				CLANG_WARN_BOOL_CONVERSION = YES;
				CLANG_WARN_COMMA = YES;
				CLANG_WARN_CONSTANT_CONVERSION = YES;
				CLANG_WARN_DEPRECATED_OBJC_IMPLEMENTATIONS = YES;
				CLANG_WARN_DIRECT_OBJC_ISA_USAGE = YES_ERROR;
				CLANG_WARN_DOCUMENTATION_COMMENTS = YES;
				CLANG_WARN_EMPTY_BODY = YES;
				CLANG_WARN_ENUM_CONVERSION = YES;
				CLANG_WARN_INFINITE_RECURSION = YES;
				CLANG_WARN_INT_CONVERSION = YES;
				CLANG_WARN_NON_LITERAL_NULL_CONVERSION = YES;
				CLANG_WARN_OBJC_IMPLICIT_RETAIN_SELF = YES;
				CLANG_WARN_OBJC_LITERAL_CONVERSION = YES;
				CLANG_WARN_OBJC_ROOT_CLASS = YES_ERROR;
				CLANG_WARN_QUOTED_INCLUDE_IN_FRAMEWORK_HEADER = YES;
				CLANG_WARN_RANGE_LOOP_ANALYSIS = YES;
				CLANG_WARN_STRICT_PROTOTYPES = YES;
				CLANG_WARN_SUSPICIOUS_MOVE = YES;
				CLANG_WARN_UNGUARDED_AVAILABILITY = YES_AGGRESSIVE;
				CLANG_WARN_UNREACHABLE_CODE = YES;
				CLANG_WARN__DUPLICATE_METHOD_MATCH = YES;
				COPY_PHASE_STRIP = NO;
				DEBUG_INFORMATION_FORMAT = "dwarf-with-dsym";
				ENABLE_NS_ASSERTIONS = NO;
				ENABLE_STRICT_OBJC_MSGSEND = YES;
				GCC_C_LANGUAGE_STANDARD = gnu11;
				GCC_NO_COMMON_BLOCKS = YES;
				GCC_WARN_64_TO_32_BIT_CONVERSION = YES;
				GCC_WARN_ABOUT_RETURN_TYPE = YES_ERROR;
				GCC_WARN_UNDECLARED_SELECTOR = YES;
				GCC_WARN_UNINITIALIZED_AUTOS = YES_AGGRESSIVE;
				GCC_WARN_UNUSED_FUNCTION = YES;
				GCC_WARN_UNUSED_VARIABLE = YES;
				IPHONEOS_DEPLOYMENT_TARGET = 15.0;
				MTL_ENABLE_DEBUG_INFO = NO;
				MTL_FAST_MATH = YES;
				SDKROOT = iphoneos;
				SWIFT_COMPILATION_MODE = wholemodule;
				SWIFT_OPTIMIZATION_LEVEL = "-O";
				VALIDATE_PRODUCT = YES;
			};
			name = Release;
		};
		7F493CCE29358EC900FAB9ED /* Debug */ = {
			isa = XCBuildConfiguration;
			buildSettings = {
				ASSETCATALOG_COMPILER_APPICON_NAME = AppIcon;
				ASSETCATALOG_COMPILER_GLOBAL_ACCENT_COLOR_NAME = AccentColor;
				CODE_SIGN_STYLE = Automatic;
				CURRENT_PROJECT_VERSION = 1;
				DEVELOPMENT_ASSET_PATHS = "\"datepassapp/Preview Content\"";
				DEVELOPMENT_TEAM = G396J4QBD4;
				ENABLE_PREVIEWS = YES;
				GENERATE_INFOPLIST_FILE = YES;
				INFOPLIST_KEY_UIApplicationSceneManifest_Generation = YES;
				INFOPLIST_KEY_UIApplicationSupportsIndirectInputEvents = YES;
				INFOPLIST_KEY_UILaunchScreen_Generation = YES;
				INFOPLIST_KEY_UISupportedInterfaceOrientations_iPad = "UIInterfaceOrientationPortrait UIInterfaceOrientationPortraitUpsideDown UIInterfaceOrientationLandscapeLeft UIInterfaceOrientationLandscapeRight";
				INFOPLIST_KEY_UISupportedInterfaceOrientations_iPhone = "UIInterfaceOrientationPortrait UIInterfaceOrientationLandscapeLeft UIInterfaceOrientationLandscapeRight";
				IPHONEOS_DEPLOYMENT_TARGET = 15.0;
				LD_RUNPATH_SEARCH_PATHS = (
					"$(inherited)",
					"@executable_path/Frameworks",
				);
				MARKETING_VERSION = 1.0;
				PRODUCT_BUNDLE_IDENTIFIER = jp.ac.jec.cm.datepassapp;
				PRODUCT_NAME = "$(TARGET_NAME)";
				SWIFT_EMIT_LOC_STRINGS = YES;
				SWIFT_VERSION = 5.0;
				TARGETED_DEVICE_FAMILY = "1,2";
			};
			name = Debug;
		};
		7F493CCF29358EC900FAB9ED /* Release */ = {
			isa = XCBuildConfiguration;
			buildSettings = {
				ASSETCATALOG_COMPILER_APPICON_NAME = AppIcon;
				ASSETCATALOG_COMPILER_GLOBAL_ACCENT_COLOR_NAME = AccentColor;
				CODE_SIGN_STYLE = Automatic;
				CURRENT_PROJECT_VERSION = 1;
				DEVELOPMENT_ASSET_PATHS = "\"datepassapp/Preview Content\"";
				DEVELOPMENT_TEAM = G396J4QBD4;
				ENABLE_PREVIEWS = YES;
				GENERATE_INFOPLIST_FILE = YES;
				INFOPLIST_KEY_UIApplicationSceneManifest_Generation = YES;
				INFOPLIST_KEY_UIApplicationSupportsIndirectInputEvents = YES;
				INFOPLIST_KEY_UILaunchScreen_Generation = YES;
				INFOPLIST_KEY_UISupportedInterfaceOrientations_iPad = "UIInterfaceOrientationPortrait UIInterfaceOrientationPortraitUpsideDown UIInterfaceOrientationLandscapeLeft UIInterfaceOrientationLandscapeRight";
				INFOPLIST_KEY_UISupportedInterfaceOrientations_iPhone = "UIInterfaceOrientationPortrait UIInterfaceOrientationLandscapeLeft UIInterfaceOrientationLandscapeRight";
				IPHONEOS_DEPLOYMENT_TARGET = 15.0;
				LD_RUNPATH_SEARCH_PATHS = (
					"$(inherited)",
					"@executable_path/Frameworks",
				);
				MARKETING_VERSION = 1.0;
				PRODUCT_BUNDLE_IDENTIFIER = jp.ac.jec.cm.datepassapp;
				PRODUCT_NAME = "$(TARGET_NAME)";
				SWIFT_EMIT_LOC_STRINGS = YES;
				SWIFT_VERSION = 5.0;
				TARGETED_DEVICE_FAMILY = "1,2";
			};
			name = Release;
		};
/* End XCBuildConfiguration section */

/* Begin XCConfigurationList section */
		7F493CBA29358EBF00FAB9ED /* Build configuration list for PBXProject "datepassapp" */ = {
			isa = XCConfigurationList;
			buildConfigurations = (
				7F493CCB29358EC900FAB9ED /* Debug */,
				7F493CCC29358EC900FAB9ED /* Release */,
			);
			defaultConfigurationIsVisible = 0;
			defaultConfigurationName = Release;
		};
		7F493CCD29358EC900FAB9ED /* Build configuration list for PBXNativeTarget "datepassapp" */ = {
			isa = XCConfigurationList;
			buildConfigurations = (
				7F493CCE29358EC900FAB9ED /* Debug */,
				7F493CCF29358EC900FAB9ED /* Release */,
			);
			defaultConfigurationIsVisible = 0;
			defaultConfigurationName = Release;
		};
/* End XCConfigurationList section */
	};
	rootObject = 7F493CB729358EBF00FAB9ED /* Project object */;
}
